
Microsoft Visual Studio Solution File, Format Version 12.00
# Visual Studio Version 17
VisualStudioVersion = 17.10.35004.147
MinimumVisualStudioVersion = 10.0.40219.1
Project("{2150E333-8FDC-42A3-9474-1A3956D46DE8}") = "Solution Items", "Solution Items", "{9758F1E8-E4C2-4F14-BCB5-BAD67C3326D3}"
	ProjectSection(SolutionItems) = preProject
		..\RepoKietPham\tedu-aspnetcore-microservices-training\.dockerignore = ..\RepoKietPham\tedu-aspnetcore-microservices-training\.dockerignore
		C:\Users\F88\Downloads\architech.PNG = C:\Users\F88\Downloads\architech.PNG
		src\docker-compose.override.yml = src\docker-compose.override.yml
		src\docker-compose.yml = src\docker-compose.yml
		global.json = global.json
		C:\Users\F88\Downloads\README.md = C:\Users\F88\Downloads\README.md
		C:\Users\F88\Downloads\scratch.md = C:\Users\F88\Downloads\scratch.md
	EndProjectSection
EndProject
Project("{2150E333-8FDC-42A3-9474-1A3956D46DE8}") = "src", "src", "{EBFB4202-79D4-4806-90F1-43C2CF7222EA}"
EndProject
Project("{2150E333-8FDC-42A3-9474-1A3956D46DE8}") = "tests", "tests", "{0447399C-C9C1-4AAF-8314-54BC7FC0C85B}"
EndProject
Project("{2150E333-8FDC-42A3-9474-1A3956D46DE8}") = "ApiGateways", "ApiGateways", "{D5D59A64-D77C-463A-ABC9-83ECBD4A687B}"
EndProject
Project("{2150E333-8FDC-42A3-9474-1A3956D46DE8}") = "BuildingBlocks", "BuildingBlocks", "{DF53235E-7531-45A2-BE57-CB7AAC40754A}"
EndProject
Project("{2150E333-8FDC-42A3-9474-1A3956D46DE8}") = "Services", "Services", "{B445DDA7-C7D1-499E-A1F1-B7A645574D1F}"
EndProject
Project("{2150E333-8FDC-42A3-9474-1A3956D46DE8}") = "WebApps", "WebApps", "{56738411-D17C-430E-B315-27F3D9A95C04}"
EndProject
Project("{9A19103F-16F7-4668-BE54-9A1E7A4F7556}") = "Common.Logging", "src\BuildingBlocks\Common.Logging\Common.Logging.csproj", "{C2731755-EF27-4B3F-AD56-7BE45E03CFCB}"
EndProject
Project("{2150E333-8FDC-42A3-9474-1A3956D46DE8}") = "Product", "Product", "{0570190A-9072-44A8-B529-F14FE8197427}"
EndProject
Project("{2150E333-8FDC-42A3-9474-1A3956D46DE8}") = "Customer", "Customer", "{360A7492-5E11-4E49-8AC0-CCDBEC5EA1CE}"
EndProject
Project("{2150E333-8FDC-42A3-9474-1A3956D46DE8}") = "Basket", "Basket", "{056405C8-EB7D-4966-85D6-61A448F7459F}"
EndProject
Project("{2150E333-8FDC-42A3-9474-1A3956D46DE8}") = "Ordering", "Ordering", "{04D79B32-3DC2-44CE-9E8A-0DF1D979480E}"
EndProject
Project("{2150E333-8FDC-42A3-9474-1A3956D46DE8}") = "Inventory", "Inventory", "{0BA35761-1C03-4AE5-8DAC-CDC2CF25690D}"
EndProject
Project("{2150E333-8FDC-42A3-9474-1A3956D46DE8}") = "ScheduledJob", "ScheduledJob", "{C40A2EE7-A7BE-4B6C-AC07-B5B07F7F6F3F}"
EndProject
Project("{9A19103F-16F7-4668-BE54-9A1E7A4F7556}") = "WebHealthStatus", "src\WebApps\WebHealthStatus\WebHealthStatus.csproj", "{2C430F27-5DEE-46C5-A04D-1D0FDA209BDA}"
EndProject
Project("{9A19103F-16F7-4668-BE54-9A1E7A4F7556}") = "Basket.API", "src\Services\Basket.API\Basket.API.csproj", "{44EF9042-C2CD-4378-97F4-818D457241E9}"
EndProject
Project("{9A19103F-16F7-4668-BE54-9A1E7A4F7556}") = "Customer.API", "src\Services\Customer.API\Customer.API.csproj", "{EEC530D4-6AB3-4BCE-827A-DB5AE67C742D}"
EndProject
Project("{9A19103F-16F7-4668-BE54-9A1E7A4F7556}") = "Inventory.API", "src\Services\Inventory.API\Inventory.API.csproj", "{FF606D79-5CCF-489C-8F2F-3AE7D0E9ADFB}"
EndProject
Project("{9A19103F-16F7-4668-BE54-9A1E7A4F7556}") = "Product.API", "src\Services\Product.API\Product.API.csproj", "{66C6EBF1-D2B6-4183-9A25-E70A06214D91}"
EndProject
Project("{9A19103F-16F7-4668-BE54-9A1E7A4F7556}") = "Hangfire.API", "src\Services\Hangfire.API\Hangfire.API.csproj", "{B040E2CE-7D44-4512-8A2E-0F4D5F6E1489}"
EndProject
Project("{9A19103F-16F7-4668-BE54-9A1E7A4F7556}") = "Contracts", "src\BuildingBlocks\Contracts\Contracts.csproj", "{FE27ACC1-0F18-4747-8DA3-6FEB8128F285}"
EndProject
Project("{9A19103F-16F7-4668-BE54-9A1E7A4F7556}") = "Infrastructure", "src\BuildingBlocks\Infrastructure\Infrastructure.csproj", "{A958B236-886D-459E-BDF0-14DC1804283B}"
EndProject
Project("{9A19103F-16F7-4668-BE54-9A1E7A4F7556}") = "Shared", "src\BuildingBlocks\Shared\Shared.csproj", "{848A9819-4105-41C5-877C-AB2C3D3743B7}"
EndProject
Project("{9A19103F-16F7-4668-BE54-9A1E7A4F7556}") = "OcelotApiGw", "src\ApiGateways\OcelotApiGw\OcelotApiGw.csproj", "{19658F5E-0339-4934-9701-1D46162A82D9}"
EndProject
Project("{9A19103F-16F7-4668-BE54-9A1E7A4F7556}") = "Ordering.API", "src\Services\Ordering\Ordering.API\Ordering.API.csproj", "{B62B14FB-A044-4797-A306-2B130A102E30}"
EndProject
Project("{9A19103F-16F7-4668-BE54-9A1E7A4F7556}") = "Ordering.Application", "src\Services\Ordering\Ordering.Application\Ordering.Application.csproj", "{FFF9ED82-8F69-41A6-AF0A-3EDD925436A9}"
EndProject
Project("{9A19103F-16F7-4668-BE54-9A1E7A4F7556}") = "Ordering.Domain", "src\Services\Ordering\Ordering.Domain\Ordering.Domain.csproj", "{F78DBECF-F4F6-4CCE-BBF2-B95D46C9C18E}"
EndProject
Project("{9A19103F-16F7-4668-BE54-9A1E7A4F7556}") = "Ordering.Infrastructure", "src\Services\Ordering\Ordering.Infrastructure\Ordering.Infrastructure.csproj", "{2E9E589C-8141-488A-85F0-7FC2A543A9D2}"
EndProject
Project("{2150E333-8FDC-42A3-9474-1A3956D46DE8}") = "EventBus", "EventBus", "{CB12A243-2218-4CBE-9339-87DCDD533464}"
EndProject
Project("{FAE04EC0-301F-11D3-BF4B-00C04F79EFBC}") = "EventBus.Messages", "src\BuildingBlocks\EventBus\EventBus.Messages\EventBus.Messages.csproj", "{54203827-AC11-4AB2-929B-D2527CC8214B}"
EndProject
Global
	GlobalSection(SolutionConfigurationPlatforms) = preSolution
		Debug|Any CPU = Debug|Any CPU
		Release|Any CPU = Release|Any CPU
	EndGlobalSection
	GlobalSection(ProjectConfigurationPlatforms) = postSolution
		{C2731755-EF27-4B3F-AD56-7BE45E03CFCB}.Debug|Any CPU.ActiveCfg = Debug|Any CPU
		{C2731755-EF27-4B3F-AD56-7BE45E03CFCB}.Debug|Any CPU.Build.0 = Debug|Any CPU
		{C2731755-EF27-4B3F-AD56-7BE45E03CFCB}.Release|Any CPU.ActiveCfg = Release|Any CPU
		{C2731755-EF27-4B3F-AD56-7BE45E03CFCB}.Release|Any CPU.Build.0 = Release|Any CPU
		{2C430F27-5DEE-46C5-A04D-1D0FDA209BDA}.Debug|Any CPU.ActiveCfg = Debug|Any CPU
		{2C430F27-5DEE-46C5-A04D-1D0FDA209BDA}.Debug|Any CPU.Build.0 = Debug|Any CPU
		{2C430F27-5DEE-46C5-A04D-1D0FDA209BDA}.Release|Any CPU.ActiveCfg = Release|Any CPU
		{2C430F27-5DEE-46C5-A04D-1D0FDA209BDA}.Release|Any CPU.Build.0 = Release|Any CPU
		{44EF9042-C2CD-4378-97F4-818D457241E9}.Debug|Any CPU.ActiveCfg = Debug|Any CPU
		{44EF9042-C2CD-4378-97F4-818D457241E9}.Debug|Any CPU.Build.0 = Debug|Any CPU
		{44EF9042-C2CD-4378-97F4-818D457241E9}.Release|Any CPU.ActiveCfg = Release|Any CPU
		{44EF9042-C2CD-4378-97F4-818D457241E9}.Release|Any CPU.Build.0 = Release|Any CPU
		{EEC530D4-6AB3-4BCE-827A-DB5AE67C742D}.Debug|Any CPU.ActiveCfg = Debug|Any CPU
		{EEC530D4-6AB3-4BCE-827A-DB5AE67C742D}.Debug|Any CPU.Build.0 = Debug|Any CPU
		{EEC530D4-6AB3-4BCE-827A-DB5AE67C742D}.Release|Any CPU.ActiveCfg = Release|Any CPU
		{EEC530D4-6AB3-4BCE-827A-DB5AE67C742D}.Release|Any CPU.Build.0 = Release|Any CPU
		{FF606D79-5CCF-489C-8F2F-3AE7D0E9ADFB}.Debug|Any CPU.ActiveCfg = Debug|Any CPU
		{FF606D79-5CCF-489C-8F2F-3AE7D0E9ADFB}.Debug|Any CPU.Build.0 = Debug|Any CPU
		{FF606D79-5CCF-489C-8F2F-3AE7D0E9ADFB}.Release|Any CPU.ActiveCfg = Release|Any CPU
		{FF606D79-5CCF-489C-8F2F-3AE7D0E9ADFB}.Release|Any CPU.Build.0 = Release|Any CPU
		{66C6EBF1-D2B6-4183-9A25-E70A06214D91}.Debug|Any CPU.ActiveCfg = Debug|Any CPU
		{66C6EBF1-D2B6-4183-9A25-E70A06214D91}.Debug|Any CPU.Build.0 = Debug|Any CPU
		{66C6EBF1-D2B6-4183-9A25-E70A06214D91}.Release|Any CPU.ActiveCfg = Release|Any CPU
		{66C6EBF1-D2B6-4183-9A25-E70A06214D91}.Release|Any CPU.Build.0 = Release|Any CPU
		{B040E2CE-7D44-4512-8A2E-0F4D5F6E1489}.Debug|Any CPU.ActiveCfg = Debug|Any CPU
		{B040E2CE-7D44-4512-8A2E-0F4D5F6E1489}.Debug|Any CPU.Build.0 = Debug|Any CPU
		{B040E2CE-7D44-4512-8A2E-0F4D5F6E1489}.Release|Any CPU.ActiveCfg = Release|Any CPU
		{B040E2CE-7D44-4512-8A2E-0F4D5F6E1489}.Release|Any CPU.Build.0 = Release|Any CPU
		{FE27ACC1-0F18-4747-8DA3-6FEB8128F285}.Debug|Any CPU.ActiveCfg = Debug|Any CPU
		{FE27ACC1-0F18-4747-8DA3-6FEB8128F285}.Debug|Any CPU.Build.0 = Debug|Any CPU
		{FE27ACC1-0F18-4747-8DA3-6FEB8128F285}.Release|Any CPU.ActiveCfg = Release|Any CPU
		{FE27ACC1-0F18-4747-8DA3-6FEB8128F285}.Release|Any CPU.Build.0 = Release|Any CPU
		{A958B236-886D-459E-BDF0-14DC1804283B}.Debug|Any CPU.ActiveCfg = Debug|Any CPU
		{A958B236-886D-459E-BDF0-14DC1804283B}.Debug|Any CPU.Build.0 = Debug|Any CPU
		{A958B236-886D-459E-BDF0-14DC1804283B}.Release|Any CPU.ActiveCfg = Release|Any CPU
		{A958B236-886D-459E-BDF0-14DC1804283B}.Release|Any CPU.Build.0 = Release|Any CPU
		{848A9819-4105-41C5-877C-AB2C3D3743B7}.Debug|Any CPU.ActiveCfg = Debug|Any CPU
		{848A9819-4105-41C5-877C-AB2C3D3743B7}.Debug|Any CPU.Build.0 = Debug|Any CPU
		{848A9819-4105-41C5-877C-AB2C3D3743B7}.Release|Any CPU.ActiveCfg = Release|Any CPU
		{848A9819-4105-41C5-877C-AB2C3D3743B7}.Release|Any CPU.Build.0 = Release|Any CPU
		{19658F5E-0339-4934-9701-1D46162A82D9}.Debug|Any CPU.ActiveCfg = Debug|Any CPU
		{19658F5E-0339-4934-9701-1D46162A82D9}.Debug|Any CPU.Build.0 = Debug|Any CPU
		{19658F5E-0339-4934-9701-1D46162A82D9}.Release|Any CPU.ActiveCfg = Release|Any CPU
		{19658F5E-0339-4934-9701-1D46162A82D9}.Release|Any CPU.Build.0 = Release|Any CPU
		{B62B14FB-A044-4797-A306-2B130A102E30}.Debug|Any CPU.ActiveCfg = Debug|Any CPU
		{B62B14FB-A044-4797-A306-2B130A102E30}.Debug|Any CPU.Build.0 = Debug|Any CPU
		{B62B14FB-A044-4797-A306-2B130A102E30}.Release|Any CPU.ActiveCfg = Release|Any CPU
		{B62B14FB-A044-4797-A306-2B130A102E30}.Release|Any CPU.Build.0 = Release|Any CPU
		{FFF9ED82-8F69-41A6-AF0A-3EDD925436A9}.Debug|Any CPU.ActiveCfg = Debug|Any CPU
		{FFF9ED82-8F69-41A6-AF0A-3EDD925436A9}.Debug|Any CPU.Build.0 = Debug|Any CPU
		{FFF9ED82-8F69-41A6-AF0A-3EDD925436A9}.Release|Any CPU.ActiveCfg = Release|Any CPU
		{FFF9ED82-8F69-41A6-AF0A-3EDD925436A9}.Release|Any CPU.Build.0 = Release|Any CPU
		{F78DBECF-F4F6-4CCE-BBF2-B95D46C9C18E}.Debug|Any CPU.ActiveCfg = Debug|Any CPU
		{F78DBECF-F4F6-4CCE-BBF2-B95D46C9C18E}.Debug|Any CPU.Build.0 = Debug|Any CPU
		{F78DBECF-F4F6-4CCE-BBF2-B95D46C9C18E}.Release|Any CPU.ActiveCfg = Release|Any CPU
		{F78DBECF-F4F6-4CCE-BBF2-B95D46C9C18E}.Release|Any CPU.Build.0 = Release|Any CPU
		{2E9E589C-8141-488A-85F0-7FC2A543A9D2}.Debug|Any CPU.ActiveCfg = Debug|Any CPU
		{2E9E589C-8141-488A-85F0-7FC2A543A9D2}.Debug|Any CPU.Build.0 = Debug|Any CPU
		{2E9E589C-8141-488A-85F0-7FC2A543A9D2}.Release|Any CPU.ActiveCfg = Release|Any CPU
		{2E9E589C-8141-488A-85F0-7FC2A543A9D2}.Release|Any CPU.Build.0 = Release|Any CPU
		{54203827-AC11-4AB2-929B-D2527CC8214B}.Debug|Any CPU.ActiveCfg = Debug|Any CPU
		{54203827-AC11-4AB2-929B-D2527CC8214B}.Debug|Any CPU.Build.0 = Debug|Any CPU
		{54203827-AC11-4AB2-929B-D2527CC8214B}.Release|Any CPU.ActiveCfg = Release|Any CPU
		{54203827-AC11-4AB2-929B-D2527CC8214B}.Release|Any CPU.Build.0 = Release|Any CPU
	EndGlobalSection
	GlobalSection(SolutionProperties) = preSolution
		HideSolutionNode = FALSE
	EndGlobalSection
	GlobalSection(NestedProjects) = preSolution
		{D5D59A64-D77C-463A-ABC9-83ECBD4A687B} = {EBFB4202-79D4-4806-90F1-43C2CF7222EA}
		{DF53235E-7531-45A2-BE57-CB7AAC40754A} = {EBFB4202-79D4-4806-90F1-43C2CF7222EA}
		{B445DDA7-C7D1-499E-A1F1-B7A645574D1F} = {EBFB4202-79D4-4806-90F1-43C2CF7222EA}
		{56738411-D17C-430E-B315-27F3D9A95C04} = {EBFB4202-79D4-4806-90F1-43C2CF7222EA}
		{C2731755-EF27-4B3F-AD56-7BE45E03CFCB} = {DF53235E-7531-45A2-BE57-CB7AAC40754A}
		{0570190A-9072-44A8-B529-F14FE8197427} = {B445DDA7-C7D1-499E-A1F1-B7A645574D1F}
		{360A7492-5E11-4E49-8AC0-CCDBEC5EA1CE} = {B445DDA7-C7D1-499E-A1F1-B7A645574D1F}
		{056405C8-EB7D-4966-85D6-61A448F7459F} = {B445DDA7-C7D1-499E-A1F1-B7A645574D1F}
		{04D79B32-3DC2-44CE-9E8A-0DF1D979480E} = {B445DDA7-C7D1-499E-A1F1-B7A645574D1F}
		{0BA35761-1C03-4AE5-8DAC-CDC2CF25690D} = {B445DDA7-C7D1-499E-A1F1-B7A645574D1F}
		{C40A2EE7-A7BE-4B6C-AC07-B5B07F7F6F3F} = {B445DDA7-C7D1-499E-A1F1-B7A645574D1F}
		{2C430F27-5DEE-46C5-A04D-1D0FDA209BDA} = {56738411-D17C-430E-B315-27F3D9A95C04}
		{44EF9042-C2CD-4378-97F4-818D457241E9} = {056405C8-EB7D-4966-85D6-61A448F7459F}
		{EEC530D4-6AB3-4BCE-827A-DB5AE67C742D} = {360A7492-5E11-4E49-8AC0-CCDBEC5EA1CE}
		{FF606D79-5CCF-489C-8F2F-3AE7D0E9ADFB} = {0BA35761-1C03-4AE5-8DAC-CDC2CF25690D}
		{66C6EBF1-D2B6-4183-9A25-E70A06214D91} = {0570190A-9072-44A8-B529-F14FE8197427}
		{B040E2CE-7D44-4512-8A2E-0F4D5F6E1489} = {C40A2EE7-A7BE-4B6C-AC07-B5B07F7F6F3F}
		{FE27ACC1-0F18-4747-8DA3-6FEB8128F285} = {DF53235E-7531-45A2-BE57-CB7AAC40754A}
		{A958B236-886D-459E-BDF0-14DC1804283B} = {DF53235E-7531-45A2-BE57-CB7AAC40754A}
		{848A9819-4105-41C5-877C-AB2C3D3743B7} = {DF53235E-7531-45A2-BE57-CB7AAC40754A}
		{19658F5E-0339-4934-9701-1D46162A82D9} = {D5D59A64-D77C-463A-ABC9-83ECBD4A687B}
		{B62B14FB-A044-4797-A306-2B130A102E30} = {04D79B32-3DC2-44CE-9E8A-0DF1D979480E}
		{FFF9ED82-8F69-41A6-AF0A-3EDD925436A9} = {04D79B32-3DC2-44CE-9E8A-0DF1D979480E}
		{F78DBECF-F4F6-4CCE-BBF2-B95D46C9C18E} = {04D79B32-3DC2-44CE-9E8A-0DF1D979480E}
		{2E9E589C-8141-488A-85F0-7FC2A543A9D2} = {04D79B32-3DC2-44CE-9E8A-0DF1D979480E}
		{CB12A243-2218-4CBE-9339-87DCDD533464} = {DF53235E-7531-45A2-BE57-CB7AAC40754A}
		{54203827-AC11-4AB2-929B-D2527CC8214B} = {CB12A243-2218-4CBE-9339-87DCDD533464}
	EndGlobalSection
	GlobalSection(ExtensibilityGlobals) = postSolution
		SolutionGuid = {B0D70EB4-031F-4B2E-8B83-6B747DEEC907}
	EndGlobalSection
EndGlobal
